<?xml version="1.0" encoding="utf-8"?>
<Project ToolsVersion="4.0" xmlns="http://schemas.microsoft.com/developer/msbuild/2003">
  <ItemGroup>
    <ClCompile Include="Attack\Attack.c" />
    <ClCompile Include="Audio\AudioEngine.c" />
    <ClCompile Include="Clock\Clock.cpp" />
    <ClCompile Include="Console\Console.c" />
    <ClCompile Include="Enemy\Enemy.c" />
    <ClCompile Include="States\Logo.c" />
    <ClCompile Include="Main.c" />
    <ClCompile Include="Map\Map.c" />
    <ClCompile Include="Player\Player.c" />
    <ClCompile Include="Random\Random.c" />
    <ClCompile Include="States\Game.c" />
    <ClCompile Include="States\GameOver.c" />
    <ClCompile Include="States\MainMenu.c" />
    <ClCompile Include="States\StateMachine.c" />
    <ClCompile Include="Text\TextReader.c" />
    <ClCompile Include="UI\GameUI.c" />
    <ClCompile Include="UI\UI.c" />
    <ClCompile Include="States\Logo.c" />
    <ClCompile Include="Tutorial\Tutorial.c" />
    <ClCompile Include="Text\Font.c" />
    <ClCompile Include="States\Highscore.c" />
  </ItemGroup>
  <ItemGroup>
    <ClInclude Include="Attack\Attack.h" />
    <ClInclude Include="Audio\AudioEngine.h" />
    <ClInclude Include="Clock\Clock.h" />
    <ClInclude Include="Console\Console.h" />
    <ClInclude Include="Enemy\Enemy.h" />
    <ClInclude Include="Global.h" />
    <ClInclude Include="States\Logo.h" />
    <ClInclude Include="Map\Map.h" />
    <ClInclude Include="Player\Player.h" />
    <ClInclude Include="Random\Random.h" />
    <ClInclude Include="States\Game.h" />
    <ClInclude Include="States\GameOver.h" />
    <ClInclude Include="States\MainMenu.h" />
    <ClInclude Include="States\StateMachine.h" />
    <ClInclude Include="Text\TextReader.h" />
    <ClInclude Include="UI\GameUI.h" />
    <ClInclude Include="UI\UI.h" />
    <ClInclude Include="States\Logo.h" />
    <ClInclude Include="Tutorial\Tutorial.h" />
    <ClInclude Include="Text\Font.h" />
    <ClInclude Include="States\Highscore.h" />
  </ItemGroup>
  <ItemGroup>
    <Media Include="$Resources\Cluster1.wav" />
    <Media Include="$Resources\Kick.wav" />
    <Media Include="$Resources\KickMenu.wav" />
    <Media Include="$Resources\Laser1.wav" />
    <Media Include="$Resources\Melody.wav" />
    <Media Include="$Resources\Melody1.wav" />
    <Media Include="$Resources\MelodyMenu.wav" />
    <Media Include="$Resources\Normal1.wav" />
    <Media Include="$Resources\Snare.wav" />
    <Media Include="$Resources\Cluster1.wav" />
    <Media Include="$Resources\KickMenu.wav" />
    <Media Include="$Resources\Laser1.wav" />
    <Media Include="$Resources\Melody1.wav" />
    <Media Include="$Resources\MelodyMenu.wav" />
    <Media Include="$Resources\Normal1.wav" />
    <Media Include="$Resources\Snare1.wav" />
    <Media Include="$Resources\SnareMenu.wav" />
    <Media Include="$Resources\Warning1.wav" />
  </ItemGroup>
  <ItemGroup>
    <Text Include="$Resources\Beatbar.txt" />
    <Text Include="$Resources\DialogueDashAttack.txt" />
    <Text Include="$Resources\DialogueDodgeEnemy.txt" />
    <Text Include="$Resources\DialogueEndTutorial.txt" />
    <Text Include="$Resources\DialogueMovePlayer.txt" />
    <Text Include="$Resources\DialogueMoveToGame.txt" />
    <Text Include="$Resources\digipenlogo.txt" />
    <Text Include="$Resources\eyeball.txt" />
    <Text Include="$Resources\Eye_Level.txt" />
    <Text Include="$Resources\Eye_Play.txt" />
    <Text Include="$Resources\Eye_Quit.txt" />
    <Text Include="$Resources\Health.txt" />
    <Text Include="$Resources\Health2.txt" />
    <Text Include="$Resources\Intro1.txt" />
    <Text Include="$Resources\Intro2.txt" />
    <Text Include="$Resources\laserspawn.txt" />
    <Text Include="$Resources\notes.txt" />
    <Text Include="$Resources\numbers.txt" />
    <Text Include="$Resources\pause.txt" />
    <Text Include="$Resources\MainMenu\LeftArrow.txt" />
    <Text Include="$Resources\MainMenu\RightArrow.txt" />
    <Text Include="$Resources\projectile2.txt" />
    <Text Include="$Resources\Robot.txt" />
    <Text Include="$Resources\TextLogo2.txt" />
    <Text Include="%24Resources\laser.txt" />
    <Text Include="$Resources\Logo.txt" />
    <Text Include="$Resources\Logo2.txt" />
    <Text Include="$Resources\Logo2.txt.txt" />
    <Text Include="$Resources\MainMenu.txt" />
    <Text Include="$Resources\player.txt" />
    <Text Include="$Resources\projectile.txt" />
    <Text Include="$Resources\skull.txt" />
    <Text Include="$Resources\TestLogo.txt" />
    <Text Include="$Resources\player.txt" />
    <Text Include="$Resources\projectile.txt" />
    <Text Include="%24Resources\laser.txt" />
    <Text Include="$Resources\projectile2.txt" />
    <Text Include="$Resources\DialogueDashAttack.txt" />
    <Text Include="$Resources\DialogueDodgeEnemy.txt" />
    <Text Include="$Resources\DialogueEndTutorial.txt" />
    <Text Include="$Resources\DialogueMovePlayer.txt" />
    <Text Include="$Resources\DialogueMoveToGame.txt" />
    <Text Include="$Resources\digipenlogo.txt" />
    <Text Include="$Resources\Eye_Level.txt" />
    <Text Include="$Resources\Eye_Play.txt" />
    <Text Include="$Resources\Eye_Quit.txt" />
    <Text Include="$Resources\eyeball.txt" />
    <Text Include="$Resources\Intro1.txt" />
    <Text Include="$Resources\Intro2.txt" />
    <Text Include="$Resources\laserspawn.txt" />
    <Text Include="$Resources\Robot.txt" />
    <Text Include="$Resources\TextLogo2.txt" />
    <Text Include="$Resources\numbers.txt" />
    <Text Include="$Resources\notes.txt" />
    <Text Include="$Resources\pause.txt" />
    <Text Include="$Resources\CryingBeatman2.txt" />
    <Text Include="$Resources\ArrowKeys1.txt" />
    <Text Include="$Resources\ArrowKeys2.txt" />
    <Text Include="$Resources\CryingBeatman1.txt" />
    <Text Include="$Resources\GameOver.txt" />
    <Text Include="$Resources\GameOver_Enter.txt" />
    <Text Include="$Resources\GetName.txt" />
    <Text Include="$Resources\GetScore.txt" />
    <Text Include="$Resources\beathead1.txt" />
    <Text Include="$Resources\beathead2.txt" />
    <Text Include="$Resources\beatman1.txt" />
    <Text Include="$Resources\beatman2.txt" />
    <Text Include="$Resources\DashDialogue.txt" />
    <Text Include="$Resources\EndTutorialDialogue.txt" />
    <Text Include="$Resources\EnemyDialogue.txt" />
    <Text Include="$Resources\EnemySpotted1.txt" />
    <Text Include="$Resources\EnemySpotted2.txt" />
    <Text Include="$Resources\Instruction_Enter1.txt" />
    <Text Include="$Resources\Instruction_Enter2.txt" />
    <Text Include="$Resources\Instruction_Header.txt" />
    <Text Include="$Resources\MoveDialogue.txt" />
    <Text Include="$Resources\NotesDialogue.txt" />
    <Text Include="$Resources\Reaper1.txt" />
    <Text Include="$Resources\Reaper2.txt" />
    <Text Include="$Resources\SpaceKey1.txt" />
    <Text Include="$Resources\SpaceKey2.txt" />
    <Text Include="$Resources\Credit\Role_LEVEL.txt" />
    <Text Include="$Resources\Credit\Credit2_COPYRIGHT.txt" />
    <Text Include="$Resources\Credit\Credit2_PRESENT.txt" />
    <Text Include="$Resources\Credit\Credit2_SCHOOL.txt" />
    <Text Include="$Resources\Credit\Credit2_TEAM.txt" />
    <Text Include="$Resources\Credit\Credit2_WEBSITE.txt" />
    <Text Include="$Resources\Credit\Credit3.txt" />
    <Text Include="$Resources\Credit\Name_FIKRUL.txt" />
    <Text Include="$Resources\Credit\Name_GUANHIN.txt" />
    <Text Include="$Resources\Credit\Name_NICO.txt" />
    <Text Include="$Resources\Credit\Name_TED.txt" />
    <Text Include="$Resources\Credit\Role_AUDIO.txt" />
    <Text Include="$Resources\Credit\Role_GAMEPLAY.txt" />
    <Text Include="$Resources\MainMenu\Arrow_DOWN.txt" />
    <Text Include="$Resources\MainMenu\Arrow_Left.txt" />
    <Text Include="$Resources\MainMenu\ARROW_RIGHT.txt" />
    <Text Include="$Resources\MainMenu\Arrow_UP.txt" />
    <Text Include="$Resources\MainMenu\Button_2P.txt" />
    <Text Include="$Resources\MainMenu\Button_CREDIT.txt" />
    <Text Include="$Resources\MainMenu\Button_ENTER.txt" />
    <Text Include="$Resources\MainMenu\Button_HISCORE.txt" />
    <Text Include="$Resources\MainMenu\Button_LEVEL.txt" />
    <Text Include="$Resources\MainMenu\Button_LEVEL1.txt" />
    <Text Include="$Resources\MainMenu\Button_PLAY.txt" />
    <Text Include="$Resources\MainMenu\Button_QUIT.txt" />
    <Text Include="$Resources\MainMenu\Button_TUTORIAL.txt" />
    <Text Include="$Resources\MainMenu\Diamond1.txt" />
    <Text Include="$Resources\MainMenu\Diamond2.txt" />
    <Text Include="$Resources\MainMenu\Diamond3.txt" />
    <Text Include="$Resources\MainMenu\Title1.txt" />
    <Text Include="$Resources\Alphabets.txt" />
    <Text Include="$Resources\Alphabets2.txt" />
    <Text Include="$Resources\Alphabets3.txt" />
    <Text Include="$Resources\beatman3.txt" />
    <Text Include="$Resources\Highscore.txt" />
    <Text Include="$Resources\Highscore2.txt" />
    <Text Include="$Resources\scoreinfo.txt" />
    <Text Include="$Resources\trophy.txt" />
    <Text Include="$Resources\trophy2.txt" />
    <Text Include="$Resources\trophyman1.txt" />
    <Text Include="$Resources\trophyman2.txt" />
  </ItemGroup>
</Project>