<?xml version="1.0" encoding="utf-8"?>
<Project ToolsVersion="4.0" xmlns="http://schemas.microsoft.com/developer/msbuild/2003">
  <ItemGroup>
    <Filter Include="Source Files">
      <UniqueIdentifier>{4FC737F1-C7A5-4376-A066-2A32D752A2FF}</UniqueIdentifier>
      <Extensions>cpp;c;cc;cxx;def;odl;idl;hpj;bat;asm;asmx</Extensions>
    </Filter>
    <Filter Include="Header Files">
      <UniqueIdentifier>{93995380-89BD-4b04-88EB-625FBE52EBFB}</UniqueIdentifier>
      <Extensions>h;hh;hpp;hxx;hm;inl;inc;ipp;xsd</Extensions>
    </Filter>
    <Filter Include="Console">
      <UniqueIdentifier>{88666842-40b3-4c0e-bd06-06c857cd9f8d}</UniqueIdentifier>
    </Filter>
    <Filter Include="Clock">
      <UniqueIdentifier>{b85859e1-56f9-45ba-9872-82e448cc8ba9}</UniqueIdentifier>
    </Filter>
    <Filter Include="Random">
      <UniqueIdentifier>{2ce6280a-4ef7-408b-b989-58aac7b21397}</UniqueIdentifier>
    </Filter>
    <Filter Include="Source Files\States">
      <UniqueIdentifier>{c04da36d-8922-4009-9fbd-6686724b54be}</UniqueIdentifier>
    </Filter>
    <Filter Include="Source Files\States\MainMenu">
      <UniqueIdentifier>{7797c208-ec71-46c1-bc7d-49ace404609e}</UniqueIdentifier>
    </Filter>
    <Filter Include="Source Files\StateMachine">
      <UniqueIdentifier>{14294d75-af0b-4942-8574-413b5265e69e}</UniqueIdentifier>
    </Filter>
    <Filter Include="Source Files\Functions">
      <UniqueIdentifier>{6149259b-af6d-401c-b79f-6fc0b7e213ae}</UniqueIdentifier>
    </Filter>
    <Filter Include="Source Files\States\Game">
      <UniqueIdentifier>{a731a715-cf0e-42f3-817b-39a42d8abc92}</UniqueIdentifier>
    </Filter>
  </ItemGroup>
  <ItemGroup>
    <ClCompile Include="Main.c">
      <Filter>Source Files</Filter>
    </ClCompile>
    <ClCompile Include="Console\Console.c">
      <Filter>Console</Filter>
    </ClCompile>
    <ClCompile Include="Clock\Clock.cpp">
      <Filter>Clock</Filter>
    </ClCompile>
    <ClCompile Include="Random\Random.c">
      <Filter>Random</Filter>
    </ClCompile>
    <ClCompile Include="MainMenu.c">
      <Filter>Source Files\States\MainMenu</Filter>
    </ClCompile>
    <ClCompile Include="StateMachine.c">
      <Filter>Source Files\StateMachine</Filter>
    </ClCompile>
    <ClCompile Include="Functions.c">
      <Filter>Source Files\Functions</Filter>
    </ClCompile>
    <ClCompile Include="Audio\AudioEngine.c">
      <Filter>Source Files</Filter>
    </ClCompile>
    <ClCompile Include="Player\Player.c">
      <Filter>Source Files</Filter>
    </ClCompile>
    <ClCompile Include="Enemy\Enemy.c">
      <Filter>Source Files</Filter>
    </ClCompile>
    <ClCompile Include="Game.c">
      <Filter>Source Files\States\Game</Filter>
    </ClCompile>
    <ClCompile Include="Map\Map.c">
      <Filter>Source Files</Filter>
    </ClCompile>
  </ItemGroup>
  <ItemGroup>
    <ClInclude Include="Console\Console.h">
      <Filter>Console</Filter>
    </ClInclude>
    <ClInclude Include="Clock\Clock.h">
      <Filter>Clock</Filter>
    </ClInclude>
    <ClInclude Include="Random\Random.h">
      <Filter>Random</Filter>
    </ClInclude>
    <ClInclude Include="MainMenu.h">
      <Filter>Source Files\States\MainMenu</Filter>
    </ClInclude>
    <ClInclude Include="StateMachine.h">
      <Filter>Source Files\StateMachine</Filter>
    </ClInclude>
    <ClInclude Include="Functions.h">
      <Filter>Source Files\Functions</Filter>
    </ClInclude>
    <ClInclude Include="Audio\AudioEngine.h">
      <Filter>Header Files</Filter>
    </ClInclude>
    <ClInclude Include="Player\Player.h">
      <Filter>Header Files</Filter>
    </ClInclude>
    <ClInclude Include="Enemy\Enemy.h">
      <Filter>Header Files</Filter>
    </ClInclude>
    <ClInclude Include="Game.h">
      <Filter>Source Files\States\Game</Filter>
    </ClInclude>
    <ClInclude Include="Map\Map.h">
      <Filter>Header Files</Filter>
    </ClInclude>
  </ItemGroup>
</Project>