<?xml version="1.0" encoding="utf-8"?>
<Project ToolsVersion="4.0" xmlns="http://schemas.microsoft.com/developer/msbuild/2003">
  <ItemGroup>
    <Filter Include="Source Files">
      <UniqueIdentifier>{4FC737F1-C7A5-4376-A066-2A32D752A2FF}</UniqueIdentifier>
      <Extensions>cpp;c;cc;cxx;def;odl;idl;hpj;bat;asm;asmx</Extensions>
    </Filter>
    <Filter Include="Header Files">
      <UniqueIdentifier>{93995380-89BD-4b04-88EB-625FBE52EBFB}</UniqueIdentifier>
      <Extensions>h;hh;hpp;hxx;hm;inl;inc;ipp;xsd</Extensions>
    </Filter>
    <Filter Include="Console">
      <UniqueIdentifier>{88666842-40b3-4c0e-bd06-06c857cd9f8d}</UniqueIdentifier>
    </Filter>
    <Filter Include="Clock">
      <UniqueIdentifier>{b85859e1-56f9-45ba-9872-82e448cc8ba9}</UniqueIdentifier>
    </Filter>
    <Filter Include="Random">
      <UniqueIdentifier>{2ce6280a-4ef7-408b-b989-58aac7b21397}</UniqueIdentifier>
    </Filter>
    <Filter Include="Resources">
      <UniqueIdentifier>{2246e372-f896-46c1-b98b-be62d1c13f84}</UniqueIdentifier>
    </Filter>
  </ItemGroup>
  <ItemGroup>
    <ClCompile Include="Console\Console.c">
      <Filter>Console</Filter>
    </ClCompile>
    <ClCompile Include="Clock\Clock.cpp">
      <Filter>Clock</Filter>
    </ClCompile>
    <ClCompile Include="Random\Random.c">
      <Filter>Random</Filter>
    </ClCompile>
    <ClCompile Include="Main.c">
      <Filter>Source Files</Filter>
    </ClCompile>
    <ClCompile Include="Audio\AudioEngine.c">
      <Filter>Source Files</Filter>
    </ClCompile>
    <ClCompile Include="Beat\Beat.c">
      <Filter>Source Files</Filter>
    </ClCompile>
    <ClCompile Include="Enemy\Enemy.c">
      <Filter>Source Files</Filter>
    </ClCompile>
    <ClCompile Include="Map\Map.c">
      <Filter>Source Files</Filter>
    </ClCompile>
    <ClCompile Include="Player\Player.c">
      <Filter>Source Files</Filter>
    </ClCompile>
    <ClCompile Include="States\Game.c">
      <Filter>Source Files</Filter>
    </ClCompile>
    <ClCompile Include="States\GameOver.c">
      <Filter>Source Files</Filter>
    </ClCompile>
    <ClCompile Include="States\MainMenu.c">
      <Filter>Source Files</Filter>
    </ClCompile>
    <ClCompile Include="States\StateMachine.c">
      <Filter>Source Files</Filter>
    </ClCompile>
    <ClCompile Include="Text\TextReader.c">
      <Filter>Source Files</Filter>
    </ClCompile>
    <ClCompile Include="UI\UI.c">
      <Filter>Source Files</Filter>
    </ClCompile>
    <ClCompile Include="Attack\Attack.c">
      <Filter>Source Files</Filter>
    </ClCompile>
    <ClCompile Include="Tutorial\Tutorial.c">
      <Filter>Source Files</Filter>
    </ClCompile>
  </ItemGroup>
  <ItemGroup>
    <ClInclude Include="Console\Console.h">
      <Filter>Console</Filter>
    </ClInclude>
    <ClInclude Include="Clock\Clock.h">
      <Filter>Clock</Filter>
    </ClInclude>
    <ClInclude Include="Random\Random.h">
      <Filter>Random</Filter>
    </ClInclude>
    <ClInclude Include="Global.h">
      <Filter>Source Files</Filter>
    </ClInclude>
    <ClInclude Include="Audio\AudioEngine.h">
      <Filter>Header Files</Filter>
    </ClInclude>
    <ClInclude Include="Beat\Beat.h">
      <Filter>Header Files</Filter>
    </ClInclude>
    <ClInclude Include="Enemy\Enemy.h">
      <Filter>Header Files</Filter>
    </ClInclude>
    <ClInclude Include="Map\Map.h">
      <Filter>Header Files</Filter>
    </ClInclude>
    <ClInclude Include="Player\Player.h">
      <Filter>Header Files</Filter>
    </ClInclude>
    <ClInclude Include="States\Game.h">
      <Filter>Header Files</Filter>
    </ClInclude>
    <ClInclude Include="States\GameOver.h">
      <Filter>Header Files</Filter>
    </ClInclude>
    <ClInclude Include="States\MainMenu.h">
      <Filter>Header Files</Filter>
    </ClInclude>
    <ClInclude Include="States\StateMachine.h">
      <Filter>Header Files</Filter>
    </ClInclude>
    <ClInclude Include="Text\TextReader.h">
      <Filter>Header Files</Filter>
    </ClInclude>
    <ClInclude Include="UI\UI.h">
      <Filter>Header Files</Filter>
    </ClInclude>
    <ClInclude Include="Attack\Attack.h">
      <Filter>Header Files</Filter>
    </ClInclude>
    <ClInclude Include="Tutorial\Tutorial.h">
      <Filter>Header Files</Filter>
    </ClInclude>
  </ItemGroup>
  <ItemGroup>
    <Text Include="$Resources\Logo.txt">
      <Filter>Resources</Filter>
    </Text>
    <Text Include="$Resources\Logo2.txt.txt">
      <Filter>Resources</Filter>
    </Text>
    <Text Include="$Resources\skull.txt">
      <Filter>Resources</Filter>
    </Text>
  </ItemGroup>
  <ItemGroup>
    <Media Include="$Resources\Kick.wav">
      <Filter>Resources</Filter>
    </Media>
    <Media Include="$Resources\Melody.wav">
      <Filter>Resources</Filter>
    </Media>
    <Media Include="$Resources\Snare.wav">
      <Filter>Resources</Filter>
    </Media>
  </ItemGroup>
</Project>