<?xml version="1.0" encoding="utf-8"?>
<Project ToolsVersion="4.0" xmlns="http://schemas.microsoft.com/developer/msbuild/2003">
  <ItemGroup>
    <Filter Include="Source Files">
      <UniqueIdentifier>{4FC737F1-C7A5-4376-A066-2A32D752A2FF}</UniqueIdentifier>
      <Extensions>cpp;c;cc;cxx;def;odl;idl;hpj;bat;asm;asmx</Extensions>
    </Filter>
    <Filter Include="Header Files">
      <UniqueIdentifier>{93995380-89BD-4b04-88EB-625FBE52EBFB}</UniqueIdentifier>
      <Extensions>h;hh;hpp;hxx;hm;inl;inc;ipp;xsd</Extensions>
    </Filter>
    <Filter Include="Resource Files">
      <UniqueIdentifier>{67DA6AB6-F800-4c08-8B7A-83BB121AAD01}</UniqueIdentifier>
      <Extensions>rc;ico;cur;bmp;dlg;rc2;rct;bin;rgs;gif;jpg;jpeg;jpe;resx;tiff;tif;png;wav;mfcribbon-ms</Extensions>
    </Filter>
    <Filter Include="Source Files\Main">
      <UniqueIdentifier>{de710aeb-540c-4948-8802-63c289aecef2}</UniqueIdentifier>
    </Filter>
    <Filter Include="Source Files\Clock">
      <UniqueIdentifier>{ef00a994-0c03-4c0c-b2cf-66f363461d4a}</UniqueIdentifier>
    </Filter>
    <Filter Include="Source Files\Console">
      <UniqueIdentifier>{4c84e6f0-7d0e-428e-a1e5-d0e8b511c364}</UniqueIdentifier>
    </Filter>
    <Filter Include="Source Files\Random">
      <UniqueIdentifier>{43495eb3-da93-4dad-9573-f05b22d99f75}</UniqueIdentifier>
    </Filter>
  </ItemGroup>
  <ItemGroup>
    <ClInclude Include="pch.h">
      <Filter>Header Files</Filter>
    </ClInclude>
    <ClInclude Include="Clock\Clock.h">
      <Filter>Source Files\Clock</Filter>
    </ClInclude>
    <ClInclude Include="Console\Console.h">
      <Filter>Source Files\Console</Filter>
    </ClInclude>
    <ClInclude Include="Random\Random.h">
      <Filter>Source Files\Random</Filter>
    </ClInclude>
  </ItemGroup>
  <ItemGroup>
    <ClCompile Include="Clock\Clock.cpp">
      <Filter>Source Files\Clock</Filter>
    </ClCompile>
    <ClCompile Include="Console\Console.c">
      <Filter>Source Files\Console</Filter>
    </ClCompile>
    <ClCompile Include="Random\Random.c">
      <Filter>Source Files\Random</Filter>
    </ClCompile>
    <ClCompile Include="myEnemy.c">
      <Filter>Source Files\Main</Filter>
    </ClCompile>
  </ItemGroup>
</Project>